
Microsoft Visual Studio Solution File, Format Version 12.00
# Visual Studio Version 17
VisualStudioVersion = 17.12.35527.113 d17.12
MinimumVisualStudioVersion = 10.0.40219.1
Project("{FAE04EC0-301F-11D3-BF4B-00C04F79EFBC}") = "Kapps.PowerPaste", "src\Kapps.PowerPaste\Kapps.PowerPaste.csproj", "{CE8F03D5-08B5-47C3-87B8-62FDCA0555FB}"
EndProject
Global
	GlobalSection(SolutionConfigurationPlatforms) = preSolution
		Debug|Any CPU = Debug|Any CPU
		Release|Any CPU = Release|Any CPU
	EndGlobalSection
	GlobalSection(ProjectConfigurationPlatforms) = postSolution
		{CE8F03D5-08B5-47C3-87B8-62FDCA0555FB}.Debug|Any CPU.ActiveCfg = Debug|Any CPU
		{CE8F03D5-08B5-47C3-87B8-62FDCA0555FB}.Debug|Any CPU.Build.0 = Debug|Any CPU
		{CE8F03D5-08B5-47C3-87B8-62FDCA0555FB}.Release|Any CPU.ActiveCfg = Release|Any CPU
		{CE8F03D5-08B5-47C3-87B8-62FDCA0555FB}.Release|Any CPU.Build.0 = Release|Any CPU
	EndGlobalSection
	GlobalSection(SolutionProperties) = preSolution
		HideSolutionNode = FALSE
	EndGlobalSection
EndGlobal
